
Microsoft Visual Studio Solution File, Format Version 12.00
# Visual Studio 15
VisualStudioVersion = 15.0.27428.2005
MinimumVisualStudioVersion = 10.0.40219.1
Project("{FAE04EC0-301F-11D3-BF4B-00C04F79EFBC}") = "MvcGround", "MvcGround\MvcGround.csproj", "{9B5FCEF3-DE36-468B-9750-CD00F15AA76D}"
EndProject
Global
	GlobalSection(SolutionConfigurationPlatforms) = preSolution
		Debug|Any CPU = Debug|Any CPU
		Release|Any CPU = Release|Any CPU
	EndGlobalSection
	GlobalSection(ProjectConfigurationPlatforms) = postSolution
		{9B5FCEF3-DE36-468B-9750-CD00F15AA76D}.Debug|Any CPU.ActiveCfg = Debug|Any CPU
		{9B5FCEF3-DE36-468B-9750-CD00F15AA76D}.Debug|Any CPU.Build.0 = Debug|Any CPU
		{9B5FCEF3-DE36-468B-9750-CD00F15AA76D}.Release|Any CPU.ActiveCfg = Release|Any CPU
		{9B5FCEF3-DE36-468B-9750-CD00F15AA76D}.Release|Any CPU.Build.0 = Release|Any CPU
	EndGlobalSection
	GlobalSection(SolutionProperties) = preSolution
		HideSolutionNode = FALSE
	EndGlobalSection
	GlobalSection(ExtensibilityGlobals) = postSolution
		SolutionGuid = {A1DB4544-8C87-4D4C-B19B-2A98ACCCC687}
	EndGlobalSection
EndGlobal
